{
  "name": "copilot-cli-flake",
  "version": "1.0.0",
  "lockfileVersion": 3,
  "requires": true,
  "packages": {
    "": {
      "name": "copilot-cli-flake",
      "version": "1.0.0",
      "license": "ISC",
      "dependencies": {
        "@github/copilot": "^1.0.94"
      }
    },
    "node_modules/@github/copilot": {
      "version": "1.0.94",
      "resolved": "https://registry.npmjs.org/@github/copilot/-/copilot-1.0.94.tgz",
      "integrity": "sha512-YACBu7SSUPO5qPxezq4IMmXbNLC5Tg6dwUyGmq3pJdQXFKwZ6X7AeTHVOsrWQJTvMLOgsqfo7BIPW/Vwq4SmAQ==",
      "license": "SEE LICENSE IN LICENSE.md",
      "dependencies": {
        "detect-libc": "^2.1.2"
      },
      "bin": {
        "copilot": "npm-loader.js"
      },
      "optionalDependencies": {
        "@github/copilot-darwin-arm64": "1.0.94",
        "@github/copilot-darwin-x64": "1.0.94",
        "@github/copilot-linux-arm64": "1.0.94",
        "@github/copilot-linux-x64": "1.0.94",
        "@github/copilot-linuxmusl-arm64": "1.0.94",
        "@github/copilot-linuxmusl-x64": "1.0.94",
        "@github/copilot-win32-arm64": "1.0.94",
        "@github/copilot-win32-x64": "1.0.94"
      }
    },
    "node_modules/@github/copilot-darwin-arm64": {
      "version": "1.0.94",
      "resolved": "https://registry.npmjs.org/@github/copilot-darwin-arm64/-/copilot-darwin-arm64-1.0.94.tgz",
      "integrity": "sha512-kJWN46nYLCM4bmBCcw5njJOyui7x807zJFnYXDn1sMGjyXOUtwGItGnudqZmeyeSb6gEI925XGcSlG3yB1yx0A==",
      "cpu": [
        "arm64"
      ],
      "license": "SEE LICENSE IN LICENSE.md",
      "optional": true,
      "os": [
        "darwin"
      ],
      "bin": {
        "copilot-darwin-arm64": "copilot"
      }
    },
    "node_modules/@github/copilot-darwin-x64": {
      "version": "1.0.94",
      "resolved": "https://registry.npmjs.org/@github/copilot-darwin-x64/-/copilot-darwin-x64-1.0.94.tgz",
      "integrity": "sha512-CDhjn084R9Lui/BGiH18cmzRINuDvx7XmVpDHQ7IOx/A+uqijO4DOLTQYeciX+SR6RcJFlF0+Mzgzmmirdp5LQ==",
      "cpu": [
        "x64"
      ],
      "license": "SEE LICENSE IN LICENSE.md",
      "optional": true,
      "os": [
        "darwin"
      ],
      "bin": {
        "copilot-darwin-x64": "copilot"
      }
    },
    "node_modules/@github/copilot-linux-arm64": {
      "version": "1.0.94",
      "resolved": "https://registry.npmjs.org/@github/copilot-linux-arm64/-/copilot-linux-arm64-1.0.94.tgz",
      "integrity": "sha512-anu8I5/mEhB1OyHAXi/dF9SYgC/SA9oArDlaiwZOVDe+HCAdjjtWP1ups5CW9E3B++Z3iDFvWT3yE+ojlmdm7w==",
      "cpu": [
        "arm64"
      ],
      "libc": [
        "glibc"
      ],
      "license": "SEE LICENSE IN LICENSE.md",
      "optional": true,
      "os": [
        "linux"
      ],
      "bin": {
        "copilot-linux-arm64": "copilot"
      }
    },
    "node_modules/@github/copilot-linux-x64": {
      "version": "1.0.94",
      "resolved": "https://registry.npmjs.org/@github/copilot-linux-x64/-/copilot-linux-x64-1.0.94.tgz",
      "integrity": "sha512-27//RlG0nl2+ZmxZDfRzxrz+aZRIuxdziz4eYn+Z/tI2c4Tt346KDLq0xR4SmEC3grOapKWT1u+s4d4zxro6XQ==",
      "cpu": [
        "x64"
      ],
      "libc": [
        "glibc"
      ],
      "license": "SEE LICENSE IN LICENSE.md",
      "optional": true,
      "os": [
        "linux"
      ],
      "bin": {
        "copilot-linux-x64": "copilot"
      }
    },
    "node_modules/@github/copilot-linuxmusl-arm64": {
      "version": "1.0.94",
      "resolved": "https://registry.npmjs.org/@github/copilot-linuxmusl-arm64/-/copilot-linuxmusl-arm64-1.0.94.tgz",
      "integrity": "sha512-c3/gF0nSLjyxE7GoJZOIgZ4DNwm4BYz8z4IHuJ6OtU27z9sSPucswdDje/gPgSrdwNBpjkwQI9fgAjoNnbMAaw==",
      "cpu": [
        "arm64"
      ],
      "libc": [
        "musl"
      ],
      "license": "SEE LICENSE IN LICENSE.md",
      "optional": true,
      "os": [
        "linux"
      ],
      "bin": {
        "copilot-linuxmusl-arm64": "copilot"
      }
    },
    "node_modules/@github/copilot-linuxmusl-x64": {
      "version": "1.0.94",
      "resolved": "https://registry.npmjs.org/@github/copilot-linuxmusl-x64/-/copilot-linuxmusl-x64-1.0.94.tgz",
      "integrity": "sha512-cgRml7Iz8OJBBOcHjH8i1ZeKi5WyBQEvH8KlpEEBq+E3uxEMn9iZFbjoE+sAR+iNQZVjmb4nIJBpBbGQkzxHBA==",
      "cpu": [
        "x64"
      ],
      "libc": [
        "musl"
      ],
      "license": "SEE LICENSE IN LICENSE.md",
      "optional": true,
      "os": [
        "linux"
      ],
      "bin": {
        "copilot-linuxmusl-x64": "copilot"
      }
    },
    "node_modules/@github/copilot-win32-arm64": {
      "version": "1.0.94",
      "resolved": "https://registry.npmjs.org/@github/copilot-win32-arm64/-/copilot-win32-arm64-1.0.94.tgz",
      "integrity": "sha512-okMELwHFdnzZy0oFF8PXDej7k4KtyhRS846zGFja56JhPO21yP8f9lpxMIz+zKheKEPwrlPZBmbCtQjsyMBDGg==",
      "cpu": [
        "arm64"
      ],
      "license": "SEE LICENSE IN LICENSE.md",
      "optional": true,
      "os": [
        "win32"
      ],
      "bin": {
        "copilot-win32-arm64": "copilot.exe"
      }
    },
    "node_modules/@github/copilot-win32-x64": {
      "version": "1.0.94",
      "resolved": "https://registry.npmjs.org/@github/copilot-win32-x64/-/copilot-win32-x64-1.0.94.tgz",
      "integrity": "sha512-1UfIIDc7rWBtX5vpyIi4SzujuUZq8yEkEWAe10KFQzxCY4nckJJcewtjBAi+TzhUk+A2ZXttvAFYuQMooDVHrw==",
      "cpu": [
        "x64"
      ],
      "license": "SEE LICENSE IN LICENSE.md",
      "optional": true,
      "os": [
        "win32"
      ],
      "bin": {
        "copilot-win32-x64": "copilot.exe"
      }
    },
    "node_modules/detect-libc": {
      "version": "2.1.2",
      "resolved": "https://registry.npmjs.org/detect-libc/-/detect-libc-2.1.2.tgz",
      "integrity": "sha512-Btj2BOOO83o3WyH59e8MgXsxEQVcarkUOpEYrubB0urwnN10yQ364rsiByU11nZlqWYZm05i/of7io4mzihBtQ==",
      "license": "Apache-2.0",
      "engines": {
        "node": ">=8"
      }
    }
  }
}
